// !$*UTF8*$!
{
	archiveVersion = 1;
	classes = {
	};
	objectVersion = 56;
	objects = {

/* Begin PBXBuildFile section */
		D00C812229EADA9200A81A1C /* RecipesApp.swift in Sources */ = {isa = PBXBuildFile; fileRef = D00C812129EADA9200A81A1C /* RecipesApp.swift */; };
		D00C812429EADA9200A81A1C /* DessertListView.swift in Sources */ = {isa = PBXBuildFile; fileRef = D00C812329EADA9200A81A1C /* DessertListView.swift */; };
		D00C812629EADA9300A81A1C /* Assets.xcassets in Resources */ = {isa = PBXBuildFile; fileRef = D00C812529EADA9300A81A1C /* Assets.xcassets */; };
		D00C812929EADA9300A81A1C /* Preview Assets.xcassets in Resources */ = {isa = PBXBuildFile; fileRef = D00C812829EADA9300A81A1C /* Preview Assets.xcassets */; };
		D00C813529EADC6400A81A1C /* DessertDetail.swift in Sources */ = {isa = PBXBuildFile; fileRef = D00C813429EADC6400A81A1C /* DessertDetail.swift */; };
		D00C813729EADF7C00A81A1C /* DessertModel.swift in Sources */ = {isa = PBXBuildFile; fileRef = D00C813629EADF7C00A81A1C /* DessertModel.swift */; };
		D00C813929EB4D0600A81A1C /* Meal.swift in Sources */ = {isa = PBXBuildFile; fileRef = D00C813829EB4D0600A81A1C /* Meal.swift */; };
		D00C813C29EB4F8C00A81A1C /* Constants.swift in Sources */ = {isa = PBXBuildFile; fileRef = D00C813B29EB4F8C00A81A1C /* Constants.swift */; };
		D00C813E29EB5FEA00A81A1C /* DessertDetailView.swift in Sources */ = {isa = PBXBuildFile; fileRef = D00C813D29EB5FEA00A81A1C /* DessertDetailView.swift */; };
		D00C814129EB603400A81A1C /* DessertListRow.swift in Sources */ = {isa = PBXBuildFile; fileRef = D00C814029EB603400A81A1C /* DessertListRow.swift */; };
		D00C814329EB653200A81A1C /* ImageCaching.swift in Sources */ = {isa = PBXBuildFile; fileRef = D00C814229EB653200A81A1C /* ImageCaching.swift */; };
		D00C814629EB690D00A81A1C /* CachedAsyncImage in Frameworks */ = {isa = PBXBuildFile; productRef = D00C814529EB690D00A81A1C /* CachedAsyncImage */; };
		D00C814A29EB7B8B00A81A1C /* DataService.swift in Sources */ = {isa = PBXBuildFile; fileRef = D00C814929EB7B8B00A81A1C /* DataService.swift */; };
/* End PBXBuildFile section */

/* Begin PBXFileReference section */
		D00C811E29EADA9200A81A1C /* Recipes.app */ = {isa = PBXFileReference; explicitFileType = wrapper.application; includeInIndex = 0; path = Recipes.app; sourceTree = BUILT_PRODUCTS_DIR; };
		D00C812129EADA9200A81A1C /* RecipesApp.swift */ = {isa = PBXFileReference; lastKnownFileType = sourcecode.swift; path = RecipesApp.swift; sourceTree = "<group>"; };
		D00C812329EADA9200A81A1C /* DessertListView.swift */ = {isa = PBXFileReference; lastKnownFileType = sourcecode.swift; path = DessertListView.swift; sourceTree = "<group>"; };
		D00C812529EADA9300A81A1C /* Assets.xcassets */ = {isa = PBXFileReference; lastKnownFileType = folder.assetcatalog; path = Assets.xcassets; sourceTree = "<group>"; };
		D00C812829EADA9300A81A1C /* Preview Assets.xcassets */ = {isa = PBXFileReference; lastKnownFileType = folder.assetcatalog; path = "Preview Assets.xcassets"; sourceTree = "<group>"; };
		D00C813429EADC6400A81A1C /* DessertDetail.swift */ = {isa = PBXFileReference; lastKnownFileType = sourcecode.swift; path = DessertDetail.swift; sourceTree = "<group>"; };
		D00C813629EADF7C00A81A1C /* DessertModel.swift */ = {isa = PBXFileReference; lastKnownFileType = sourcecode.swift; path = DessertModel.swift; sourceTree = "<group>"; };
		D00C813829EB4D0600A81A1C /* Meal.swift */ = {isa = PBXFileReference; lastKnownFileType = sourcecode.swift; path = Meal.swift; sourceTree = "<group>"; };
		D00C813B29EB4F8C00A81A1C /* Constants.swift */ = {isa = PBXFileReference; lastKnownFileType = sourcecode.swift; path = Constants.swift; sourceTree = "<group>"; };
		D00C813D29EB5FEA00A81A1C /* DessertDetailView.swift */ = {isa = PBXFileReference; lastKnownFileType = sourcecode.swift; path = DessertDetailView.swift; sourceTree = "<group>"; };
		D00C814029EB603400A81A1C /* DessertListRow.swift */ = {isa = PBXFileReference; lastKnownFileType = sourcecode.swift; path = DessertListRow.swift; sourceTree = "<group>"; };
		D00C814229EB653200A81A1C /* ImageCaching.swift */ = {isa = PBXFileReference; lastKnownFileType = sourcecode.swift; path = ImageCaching.swift; sourceTree = "<group>"; };
		D00C814929EB7B8B00A81A1C /* DataService.swift */ = {isa = PBXFileReference; lastKnownFileType = sourcecode.swift; path = DataService.swift; sourceTree = "<group>"; };
/* End PBXFileReference section */

/* Begin PBXFrameworksBuildPhase section */
		D00C811B29EADA9200A81A1C /* Frameworks */ = {
			isa = PBXFrameworksBuildPhase;
			buildActionMask = 2147483647;
			files = (
				D00C814629EB690D00A81A1C /* CachedAsyncImage in Frameworks */,
			);
			runOnlyForDeploymentPostprocessing = 0;
		};
/* End PBXFrameworksBuildPhase section */

/* Begin PBXGroup section */
		D00C811529EADA9200A81A1C = {
			isa = PBXGroup;
			children = (
				D00C812029EADA9200A81A1C /* Recipes */,
				D00C811F29EADA9200A81A1C /* Products */,
			);
			sourceTree = "<group>";
		};
		D00C811F29EADA9200A81A1C /* Products */ = {
			isa = PBXGroup;
			children = (
				D00C811E29EADA9200A81A1C /* Recipes.app */,
			);
			name = Products;
			sourceTree = "<group>";
		};
		D00C812029EADA9200A81A1C /* Recipes */ = {
			isa = PBXGroup;
			children = (
				D00C812129EADA9200A81A1C /* RecipesApp.swift */,
				D00C813029EADAB600A81A1C /* Views */,
				D00C813129EADABD00A81A1C /* ViewModels */,
				D00C812F29EADAA000A81A1C /* Models */,
				D00C814829EB7B6000A81A1C /* Services */,
				D00C813A29EB4F6F00A81A1C /* Helper */,
				D00C812529EADA9300A81A1C /* Assets.xcassets */,
				D00C812729EADA9300A81A1C /* Preview Content */,
			);
			path = Recipes;
			sourceTree = "<group>";
		};
		D00C812729EADA9300A81A1C /* Preview Content */ = {
			isa = PBXGroup;
			children = (
				D00C812829EADA9300A81A1C /* Preview Assets.xcassets */,
			);
			path = "Preview Content";
			sourceTree = "<group>";
		};
		D00C812F29EADAA000A81A1C /* Models */ = {
			isa = PBXGroup;
			children = (
				D00C813429EADC6400A81A1C /* DessertDetail.swift */,
				D00C813829EB4D0600A81A1C /* Meal.swift */,
			);
			path = Models;
			sourceTree = "<group>";
		};
		D00C813029EADAB600A81A1C /* Views */ = {
			isa = PBXGroup;
			children = (
				D00C813F29EB5FF500A81A1C /* List */,
				D00C812329EADA9200A81A1C /* DessertListView.swift */,
				D00C813D29EB5FEA00A81A1C /* DessertDetailView.swift */,
			);
			path = Views;
			sourceTree = "<group>";
		};
		D00C813129EADABD00A81A1C /* ViewModels */ = {
			isa = PBXGroup;
			children = (
				D00C813629EADF7C00A81A1C /* DessertModel.swift */,
			);
			path = ViewModels;
			sourceTree = "<group>";
		};
		D00C813A29EB4F6F00A81A1C /* Helper */ = {
			isa = PBXGroup;
			children = (
				D00C813B29EB4F8C00A81A1C /* Constants.swift */,
				D00C814229EB653200A81A1C /* ImageCaching.swift */,
			);
			path = Helper;
			sourceTree = "<group>";
		};
		D00C813F29EB5FF500A81A1C /* List */ = {
			isa = PBXGroup;
			children = (
				D00C814029EB603400A81A1C /* DessertListRow.swift */,
			);
			path = List;
			sourceTree = "<group>";
		};
		D00C814829EB7B6000A81A1C /* Services */ = {
			isa = PBXGroup;
			children = (
				D00C814929EB7B8B00A81A1C /* DataService.swift */,
			);
			path = Services;
			sourceTree = "<group>";
		};
/* End PBXGroup section */

/* Begin PBXNativeTarget section */
		D00C811D29EADA9200A81A1C /* Recipes */ = {
			isa = PBXNativeTarget;
			buildConfigurationList = D00C812C29EADA9300A81A1C /* Build configuration list for PBXNativeTarget "Recipes" */;
			buildPhases = (
				D00C811A29EADA9200A81A1C /* Sources */,
				D00C811B29EADA9200A81A1C /* Frameworks */,
				D00C811C29EADA9200A81A1C /* Resources */,
			);
			buildRules = (
			);
			dependencies = (
			);
			name = Recipes;
			packageProductDependencies = (
				D00C814529EB690D00A81A1C /* CachedAsyncImage */,
			);
			productName = Recipes;
			productReference = D00C811E29EADA9200A81A1C /* Recipes.app */;
			productType = "com.apple.product-type.application";
		};
/* End PBXNativeTarget section */

/* Begin PBXProject section */
		D00C811629EADA9200A81A1C /* Project object */ = {
			isa = PBXProject;
			attributes = {
				BuildIndependentTargetsInParallel = 1;
				LastSwiftUpdateCheck = 1430;
				LastUpgradeCheck = 1430;
				TargetAttributes = {
					D00C811D29EADA9200A81A1C = {
						CreatedOnToolsVersion = 14.3;
					};
				};
			};
			buildConfigurationList = D00C811929EADA9200A81A1C /* Build configuration list for PBXProject "Recipes" */;
			compatibilityVersion = "Xcode 14.0";
			developmentRegion = en;
			hasScannedForEncodings = 0;
			knownRegions = (
				en,
				Base,
			);
			mainGroup = D00C811529EADA9200A81A1C;
			packageReferences = (
				D00C814429EB690D00A81A1C /* XCRemoteSwiftPackageReference "swiftui-cached-async-image" */,
			);
			productRefGroup = D00C811F29EADA9200A81A1C /* Products */;
			projectDirPath = "";
			projectRoot = "";
			targets = (
				D00C811D29EADA9200A81A1C /* Recipes */,
			);
		};
/* End PBXProject section */

/* Begin PBXResourcesBuildPhase section */
		D00C811C29EADA9200A81A1C /* Resources */ = {
			isa = PBXResourcesBuildPhase;
			buildActionMask = 2147483647;
			files = (
				D00C812929EADA9300A81A1C /* Preview Assets.xcassets in Resources */,
				D00C812629EADA9300A81A1C /* Assets.xcassets in Resources */,
			);
			runOnlyForDeploymentPostprocessing = 0;
		};
/* End PBXResourcesBuildPhase section */

/* Begin PBXSourcesBuildPhase section */
		D00C811A29EADA9200A81A1C /* Sources */ = {
			isa = PBXSourcesBuildPhase;
			buildActionMask = 2147483647;
			files = (
				D00C813929EB4D0600A81A1C /* Meal.swift in Sources */,
				D00C812429EADA9200A81A1C /* DessertListView.swift in Sources */,
				D00C814329EB653200A81A1C /* ImageCaching.swift in Sources */,
				D00C813E29EB5FEA00A81A1C /* DessertDetailView.swift in Sources */,
				D00C813729EADF7C00A81A1C /* DessertModel.swift in Sources */,
				D00C813529EADC6400A81A1C /* DessertDetail.swift in Sources */,
				D00C814129EB603400A81A1C /* DessertListRow.swift in Sources */,
				D00C812229EADA9200A81A1C /* RecipesApp.swift in Sources */,
				D00C813C29EB4F8C00A81A1C /* Constants.swift in Sources */,
				D00C814A29EB7B8B00A81A1C /* DataService.swift in Sources */,
			);
			runOnlyForDeploymentPostprocessing = 0;
		};
/* End PBXSourcesBuildPhase section */

/* Begin XCBuildConfiguration section */
		D00C812A29EADA9300A81A1C /* Debug */ = {
			isa = XCBuildConfiguration;
			buildSettings = {
				ALWAYS_SEARCH_USER_PATHS = NO;
				CLANG_ANALYZER_NONNULL = YES;
				CLANG_ANALYZER_NUMBER_OBJECT_CONVERSION = YES_AGGRESSIVE;
				CLANG_CXX_LANGUAGE_STANDARD = "gnu++20";
				CLANG_ENABLE_MODULES = YES;
				CLANG_ENABLE_OBJC_ARC = YES;
				CLANG_ENABLE_OBJC_WEAK = YES;
				CLANG_WARN_BLOCK_CAPTURE_AUTORELEASING = YES;
				CLANG_WARN_BOOL_CONVERSION = YES;
				CLANG_WARN_COMMA = YES;
				CLANG_WARN_CONSTANT_CONVERSION = YES;
				CLANG_WARN_DEPRECATED_OBJC_IMPLEMENTATIONS = YES;
				CLANG_WARN_DIRECT_OBJC_ISA_USAGE = YES_ERROR;
				CLANG_WARN_DOCUMENTATION_COMMENTS = YES;
				CLANG_WARN_EMPTY_BODY = YES;
				CLANG_WARN_ENUM_CONVERSION = YES;
				CLANG_WARN_INFINITE_RECURSION = YES;
				CLANG_WARN_INT_CONVERSION = YES;
				CLANG_WARN_NON_LITERAL_NULL_CONVERSION = YES;
				CLANG_WARN_OBJC_IMPLICIT_RETAIN_SELF = YES;
				CLANG_WARN_OBJC_LITERAL_CONVERSION = YES;
				CLANG_WARN_OBJC_ROOT_CLASS = YES_ERROR;
				CLANG_WARN_QUOTED_INCLUDE_IN_FRAMEWORK_HEADER = YES;
				CLANG_WARN_RANGE_LOOP_ANALYSIS = YES;
				CLANG_WARN_STRICT_PROTOTYPES = YES;
				CLANG_WARN_SUSPICIOUS_MOVE = YES;
				CLANG_WARN_UNGUARDED_AVAILABILITY = YES_AGGRESSIVE;
				CLANG_WARN_UNREACHABLE_CODE = YES;
				CLANG_WARN__DUPLICATE_METHOD_MATCH = YES;
				COPY_PHASE_STRIP = NO;
				DEBUG_INFORMATION_FORMAT = dwarf;
				ENABLE_STRICT_OBJC_MSGSEND = YES;
				ENABLE_TESTABILITY = YES;
				GCC_C_LANGUAGE_STANDARD = gnu11;
				GCC_DYNAMIC_NO_PIC = NO;
				GCC_NO_COMMON_BLOCKS = YES;
				GCC_OPTIMIZATION_LEVEL = 0;
				GCC_PREPROCESSOR_DEFINITIONS = (
					"DEBUG=1",
					"$(inherited)",
				);
				GCC_WARN_64_TO_32_BIT_CONVERSION = YES;
				GCC_WARN_ABOUT_RETURN_TYPE = YES_ERROR;
				GCC_WARN_UNDECLARED_SELECTOR = YES;
				GCC_WARN_UNINITIALIZED_AUTOS = YES_AGGRESSIVE;
				GCC_WARN_UNUSED_FUNCTION = YES;
				GCC_WARN_UNUSED_VARIABLE = YES;
				IPHONEOS_DEPLOYMENT_TARGET = 16.4;
				MTL_ENABLE_DEBUG_INFO = INCLUDE_SOURCE;
				MTL_FAST_MATH = YES;
				ONLY_ACTIVE_ARCH = YES;
				SDKROOT = iphoneos;
				SWIFT_ACTIVE_COMPILATION_CONDITIONS = DEBUG;
				SWIFT_OPTIMIZATION_LEVEL = "-Onone";
			};
			name = Debug;
		};
		D00C812B29EADA9300A81A1C /* Release */ = {
			isa = XCBuildConfiguration;
			buildSettings = {
				ALWAYS_SEARCH_USER_PATHS = NO;
				CLANG_ANALYZER_NONNULL = YES;
				CLANG_ANALYZER_NUMBER_OBJECT_CONVERSION = YES_AGGRESSIVE;
				CLANG_CXX_LANGUAGE_STANDARD = "gnu++20";
				CLANG_ENABLE_MODULES = YES;
				CLANG_ENABLE_OBJC_ARC = YES;
				CLANG_ENABLE_OBJC_WEAK = YES;
				CLANG_WARN_BLOCK_CAPTURE_AUTORELEASING = YES;
				CLANG_WARN_BOOL_CONVERSION = YES;
				CLANG_WARN_COMMA = YES;
				CLANG_WARN_CONSTANT_CONVERSION = YES;
				CLANG_WARN_DEPRECATED_OBJC_IMPLEMENTATIONS = YES;
				CLANG_WARN_DIRECT_OBJC_ISA_USAGE = YES_ERROR;
				CLANG_WARN_DOCUMENTATION_COMMENTS = YES;
				CLANG_WARN_EMPTY_BODY = YES;
				CLANG_WARN_ENUM_CONVERSION = YES;
				CLANG_WARN_INFINITE_RECURSION = YES;
				CLANG_WARN_INT_CONVERSION = YES;
				CLANG_WARN_NON_LITERAL_NULL_CONVERSION = YES;
				CLANG_WARN_OBJC_IMPLICIT_RETAIN_SELF = YES;
				CLANG_WARN_OBJC_LITERAL_CONVERSION = YES;
				CLANG_WARN_OBJC_ROOT_CLASS = YES_ERROR;
				CLANG_WARN_QUOTED_INCLUDE_IN_FRAMEWORK_HEADER = YES;
				CLANG_WARN_RANGE_LOOP_ANALYSIS = YES;
				CLANG_WARN_STRICT_PROTOTYPES = YES;
				CLANG_WARN_SUSPICIOUS_MOVE = YES;
				CLANG_WARN_UNGUARDED_AVAILABILITY = YES_AGGRESSIVE;
				CLANG_WARN_UNREACHABLE_CODE = YES;
				CLANG_WARN__DUPLICATE_METHOD_MATCH = YES;
				COPY_PHASE_STRIP = NO;
				DEBUG_INFORMATION_FORMAT = "dwarf-with-dsym";
				ENABLE_NS_ASSERTIONS = NO;
				ENABLE_STRICT_OBJC_MSGSEND = YES;
				GCC_C_LANGUAGE_STANDARD = gnu11;
				GCC_NO_COMMON_BLOCKS = YES;
				GCC_WARN_64_TO_32_BIT_CONVERSION = YES;
				GCC_WARN_ABOUT_RETURN_TYPE = YES_ERROR;
				GCC_WARN_UNDECLARED_SELECTOR = YES;
				GCC_WARN_UNINITIALIZED_AUTOS = YES_AGGRESSIVE;
				GCC_WARN_UNUSED_FUNCTION = YES;
				GCC_WARN_UNUSED_VARIABLE = YES;
				IPHONEOS_DEPLOYMENT_TARGET = 16.4;
				MTL_ENABLE_DEBUG_INFO = NO;
				MTL_FAST_MATH = YES;
				SDKROOT = iphoneos;
				SWIFT_COMPILATION_MODE = wholemodule;
				SWIFT_OPTIMIZATION_LEVEL = "-O";
				VALIDATE_PRODUCT = YES;
			};
			name = Release;
		};
		D00C812D29EADA9300A81A1C /* Debug */ = {
			isa = XCBuildConfiguration;
			buildSettings = {
				ASSETCATALOG_COMPILER_APPICON_NAME = AppIcon;
				ASSETCATALOG_COMPILER_GLOBAL_ACCENT_COLOR_NAME = AccentColor;
				CODE_SIGN_STYLE = Automatic;
				CURRENT_PROJECT_VERSION = 1;
				DEVELOPMENT_ASSET_PATHS = "\"Recipes/Preview Content\"";
				ENABLE_PREVIEWS = YES;
				GENERATE_INFOPLIST_FILE = YES;
				INFOPLIST_KEY_UIApplicationSceneManifest_Generation = YES;
				INFOPLIST_KEY_UIApplicationSupportsIndirectInputEvents = YES;
				INFOPLIST_KEY_UILaunchScreen_Generation = YES;
				INFOPLIST_KEY_UISupportedInterfaceOrientations_iPad = "UIInterfaceOrientationPortrait UIInterfaceOrientationPortraitUpsideDown UIInterfaceOrientationLandscapeLeft UIInterfaceOrientationLandscapeRight";
				INFOPLIST_KEY_UISupportedInterfaceOrientations_iPhone = "UIInterfaceOrientationPortrait UIInterfaceOrientationLandscapeLeft UIInterfaceOrientationLandscapeRight";
				LD_RUNPATH_SEARCH_PATHS = (
					"$(inherited)",
					"@executable_path/Frameworks",
				);
				MARKETING_VERSION = 1.0;
				PRODUCT_BUNDLE_IDENTIFIER = anishapareek.Recipes;
				PRODUCT_NAME = "$(TARGET_NAME)";
				SWIFT_EMIT_LOC_STRINGS = YES;
				SWIFT_VERSION = 5.0;
				TARGETED_DEVICE_FAMILY = "1,2";
			};
			name = Debug;
		};
		D00C812E29EADA9300A81A1C /* Release */ = {
			isa = XCBuildConfiguration;
			buildSettings = {
				ASSETCATALOG_COMPILER_APPICON_NAME = AppIcon;
				ASSETCATALOG_COMPILER_GLOBAL_ACCENT_COLOR_NAME = AccentColor;
				CODE_SIGN_STYLE = Automatic;
				CURRENT_PROJECT_VERSION = 1;
				DEVELOPMENT_ASSET_PATHS = "\"Recipes/Preview Content\"";
				ENABLE_PREVIEWS = YES;
				GENERATE_INFOPLIST_FILE = YES;
				INFOPLIST_KEY_UIApplicationSceneManifest_Generation = YES;
				INFOPLIST_KEY_UIApplicationSupportsIndirectInputEvents = YES;
				INFOPLIST_KEY_UILaunchScreen_Generation = YES;
				INFOPLIST_KEY_UISupportedInterfaceOrientations_iPad = "UIInterfaceOrientationPortrait UIInterfaceOrientationPortraitUpsideDown UIInterfaceOrientationLandscapeLeft UIInterfaceOrientationLandscapeRight";
				INFOPLIST_KEY_UISupportedInterfaceOrientations_iPhone = "UIInterfaceOrientationPortrait UIInterfaceOrientationLandscapeLeft UIInterfaceOrientationLandscapeRight";
				LD_RUNPATH_SEARCH_PATHS = (
					"$(inherited)",
					"@executable_path/Frameworks",
				);
				MARKETING_VERSION = 1.0;
				PRODUCT_BUNDLE_IDENTIFIER = anishapareek.Recipes;
				PRODUCT_NAME = "$(TARGET_NAME)";
				SWIFT_EMIT_LOC_STRINGS = YES;
				SWIFT_VERSION = 5.0;
				TARGETED_DEVICE_FAMILY = "1,2";
			};
			name = Release;
		};
/* End XCBuildConfiguration section */

/* Begin XCConfigurationList section */
		D00C811929EADA9200A81A1C /* Build configuration list for PBXProject "Recipes" */ = {
			isa = XCConfigurationList;
			buildConfigurations = (
				D00C812A29EADA9300A81A1C /* Debug */,
				D00C812B29EADA9300A81A1C /* Release */,
			);
			defaultConfigurationIsVisible = 0;
			defaultConfigurationName = Release;
		};
		D00C812C29EADA9300A81A1C /* Build configuration list for PBXNativeTarget "Recipes" */ = {
			isa = XCConfigurationList;
			buildConfigurations = (
				D00C812D29EADA9300A81A1C /* Debug */,
				D00C812E29EADA9300A81A1C /* Release */,
			);
			defaultConfigurationIsVisible = 0;
			defaultConfigurationName = Release;
		};
/* End XCConfigurationList section */

/* Begin XCRemoteSwiftPackageReference section */
		D00C814429EB690D00A81A1C /* XCRemoteSwiftPackageReference "swiftui-cached-async-image" */ = {
			isa = XCRemoteSwiftPackageReference;
			repositoryURL = "https://github.com/lorenzofiamingo/swiftui-cached-async-image";
			requirement = {
				kind = upToNextMajorVersion;
				minimumVersion = 2.0.0;
			};
		};
/* End XCRemoteSwiftPackageReference section */

/* Begin XCSwiftPackageProductDependency section */
		D00C814529EB690D00A81A1C /* CachedAsyncImage */ = {
			isa = XCSwiftPackageProductDependency;
			package = D00C814429EB690D00A81A1C /* XCRemoteSwiftPackageReference "swiftui-cached-async-image" */;
			productName = CachedAsyncImage;
		};
/* End XCSwiftPackageProductDependency section */
	};
	rootObject = D00C811629EADA9200A81A1C /* Project object */;
}
